
Microsoft Visual Studio Solution File, Format Version 12.00
# Visual Studio Version 17
VisualStudioVersion = 17.11.35219.272
MinimumVisualStudioVersion = 10.0.40219.1
Project("{9A19103F-16F7-4668-BE54-9A1E7A4F7556}") = "cybershield-api", "cybershield-api.csproj", "{3F4A8DC2-CE5C-461B-88C9-F447E575F393}"
EndProject
Global
	GlobalSection(SolutionConfigurationPlatforms) = preSolution
		Debug|Any CPU = Debug|Any CPU
		Release|Any CPU = Release|Any CPU
	EndGlobalSection
	GlobalSection(ProjectConfigurationPlatforms) = postSolution
		{3F4A8DC2-CE5C-461B-88C9-F447E575F393}.Debug|Any CPU.ActiveCfg = Debug|Any CPU
		{3F4A8DC2-CE5C-461B-88C9-F447E575F393}.Debug|Any CPU.Build.0 = Debug|Any CPU
		{3F4A8DC2-CE5C-461B-88C9-F447E575F393}.Release|Any CPU.ActiveCfg = Release|Any CPU
		{3F4A8DC2-CE5C-461B-88C9-F447E575F393}.Release|Any CPU.Build.0 = Release|Any CPU
	EndGlobalSection
	GlobalSection(SolutionProperties) = preSolution
		HideSolutionNode = FALSE
	EndGlobalSection
	GlobalSection(ExtensibilityGlobals) = postSolution
		SolutionGuid = {B5211075-8A6F-4150-81D3-9204F17C857E}
	EndGlobalSection
EndGlobal
